
Microsoft Visual Studio Solution File, Format Version 12.00
# Visual Studio Version 16
VisualStudioVersion = 16.0.29806.167
MinimumVisualStudioVersion = 10.0.40219.1
Project("{FAE04EC0-301F-11D3-BF4B-00C04F79EFBC}") = "Isaque_Perceptron", "Isaque_Perceptron\Isaque_Perceptron.csproj", "{AB6D3356-8AC8-4356-8B29-AB545B9F00CC}"
EndProject
Global
	GlobalSection(SolutionConfigurationPlatforms) = preSolution
		Debug|Any CPU = Debug|Any CPU
		Release|Any CPU = Release|Any CPU
	EndGlobalSection
	GlobalSection(ProjectConfigurationPlatforms) = postSolution
		{AB6D3356-8AC8-4356-8B29-AB545B9F00CC}.Debug|Any CPU.ActiveCfg = Debug|Any CPU
		{AB6D3356-8AC8-4356-8B29-AB545B9F00CC}.Debug|Any CPU.Build.0 = Debug|Any CPU
		{AB6D3356-8AC8-4356-8B29-AB545B9F00CC}.Release|Any CPU.ActiveCfg = Release|Any CPU
		{AB6D3356-8AC8-4356-8B29-AB545B9F00CC}.Release|Any CPU.Build.0 = Release|Any CPU
	EndGlobalSection
	GlobalSection(SolutionProperties) = preSolution
		HideSolutionNode = FALSE
	EndGlobalSection
	GlobalSection(ExtensibilityGlobals) = postSolution
		SolutionGuid = {4D7104DE-C68F-410B-B9F9-7DAA447DE21A}
	EndGlobalSection
EndGlobal
